
Microsoft Visual Studio Solution File, Format Version 12.00
# Visual Studio Version 16
VisualStudioVersion = 16.0.29728.190
MinimumVisualStudioVersion = 10.0.40219.1
Project("{8BC9CEB8-8B4A-11D0-8D11-00A0C91BC942}") = "Native", "Native\Build\Native.vcxproj", "{2030ED0D-4667-4299-87CD-ACE298BDF56D}"
EndProject
Project("{8BC9CEB8-8B4A-11D0-8D11-00A0C91BC942}") = "UnitTests", "UnitTests\Build\UnitTests.vcxproj", "{2A3B9657-1D10-4A71-AA21-62AD4106CED4}"
EndProject
Project("{8BC9CEB8-8B4A-11D0-8D11-00A0C91BC942}") = "Managed", "Managed\Build\Managed.vcxproj", "{705098F7-93DC-4954-8165-FDDCD66231F0}"
EndProject
Project("{FAE04EC0-301F-11D3-BF4B-00C04F79EFBC}") = "UnitTestsManaged", "UnitTestsManaged\UnitTestsManaged.csproj", "{BDFCB3AD-21A8-446E-840B-68718C49E7D4}"
EndProject
Project("{8BC9CEB8-8B4A-11D0-8D11-00A0C91BC942}") = "TestManagedTransport", "TestManagedTransport\Build\TestManagedTransport.vcxproj", "{AA58310A-0C12-4F55-A04F-F9151828F64B}"
EndProject
Project("{8BC9CEB8-8B4A-11D0-8D11-00A0C91BC942}") = "Interop", "Interop\Build\Interop.vcxproj", "{A13012C1-76DE-4D1D-A58B-2361D2BE8F65}"
EndProject
Project("{FAE04EC0-301F-11D3-BF4B-00C04F79EFBC}") = "Transport", "Transport\Transport.csproj", "{BDCCCCCD-21A8-446E-840B-68718C49E7D4}"
EndProject
Project("{8BC9CEB8-8B4A-11D0-8D11-00A0C91BC942}") = "NativeContainers", "NativeContainers\Build\NativeContainers.vcxproj", "{1234ED0D-4667-4299-87CD-ACE298BDF56D}"
EndProject
Project("{8BC9CEB8-8B4A-11D0-8D11-00A0C91BC942}") = "ManagedContainers", "ManagedContainers\Build\ManagedContainers.vcxproj", "{123498F7-93DC-4954-8165-FDDCD66231F0}"
EndProject
Project("{FAE04EC0-301F-11D3-BF4B-00C04F79EFBC}") = "Object", "Object\Object.csproj", "{2A0B90AC-9117-48DA-B04C-FF194498D95D}"
EndProject
Project("{2150E333-8FDC-42A3-9474-1A3956D46DE8}") = "MD", "MD", "{B77BD0CC-029B-428A-9377-5A4E282C15F0}"
EndProject
Project("{FAE04EC0-301F-11D3-BF4B-00C04F79EFBC}") = "ArchonIPCManaged", "ArchonIPCManaged\ArchonIPCManaged.csproj", "{307D0316-2D0A-4C2F-A992-C9DEB5C6FB7C}"
EndProject
Project("{8BC9CEB8-8B4A-11D0-8D11-00A0C91BC942}") = "ArchonIPCNative", "ArchonIPCNative\ArchonIPCNative.vcxproj", "{F819F30B-035B-47BE-8149-87CA97025824}"
EndProject
Project("{8BC9CEB8-8B4A-11D0-8D11-00A0C91BC942}") = "NativeMD", "NativeMD\Build\NativeMD.vcxproj", "{34E84DE2-3809-41A7-8FA5-4A766145E1F7}"
EndProject
Project("{8BC9CEB8-8B4A-11D0-8D11-00A0C91BC942}") = "InteropMD", "InteropMD\Build\InteropMD.vcxproj", "{062B8864-8E86-4400-857D-6E646BE7E1B1}"
EndProject
Project("{8BC9CEB8-8B4A-11D0-8D11-00A0C91BC942}") = "ArchonIPCInterop", "ArchonIPCInterop\ArchonIPCInterop.vcxproj", "{7807CA75-929F-4F7D-B13E-6E8EA4CA9C89}"
EndProject
Project("{8BC9CEB8-8B4A-11D0-8D11-00A0C91BC942}") = "IPCClientTest", "IPCClientTest\IPCClientTest.vcxproj", "{56D589B0-7001-4CF4-AF74-30A2293D2366}"
EndProject
Project("{FAE04EC0-301F-11D3-BF4B-00C04F79EFBC}") = "IPCServerTest", "IPCServerTest\IPCServerTest.csproj", "{5D2C4753-FE57-444F-8B4C-1D31B2425994}"
EndProject
Global
	GlobalSection(SolutionConfigurationPlatforms) = preSolution
		Debug|Any CPU = Debug|Any CPU
		Debug|ARM = Debug|ARM
		Debug|ARM64 = Debug|ARM64
		Debug|x64 = Debug|x64
		Debug|x86 = Debug|x86
		Release|Any CPU = Release|Any CPU
		Release|ARM = Release|ARM
		Release|ARM64 = Release|ARM64
		Release|x64 = Release|x64
		Release|x86 = Release|x86
	EndGlobalSection
	GlobalSection(ProjectConfigurationPlatforms) = postSolution
		{2030ED0D-4667-4299-87CD-ACE298BDF56D}.Debug|Any CPU.ActiveCfg = Debug|Win32
		{2030ED0D-4667-4299-87CD-ACE298BDF56D}.Debug|ARM.ActiveCfg = Debug|ARM
		{2030ED0D-4667-4299-87CD-ACE298BDF56D}.Debug|ARM.Build.0 = Debug|ARM
		{2030ED0D-4667-4299-87CD-ACE298BDF56D}.Debug|ARM64.ActiveCfg = Debug|ARM64
		{2030ED0D-4667-4299-87CD-ACE298BDF56D}.Debug|ARM64.Build.0 = Debug|ARM64
		{2030ED0D-4667-4299-87CD-ACE298BDF56D}.Debug|x64.ActiveCfg = Debug|x64
		{2030ED0D-4667-4299-87CD-ACE298BDF56D}.Debug|x64.Build.0 = Debug|x64
		{2030ED0D-4667-4299-87CD-ACE298BDF56D}.Debug|x86.ActiveCfg = Debug|Win32
		{2030ED0D-4667-4299-87CD-ACE298BDF56D}.Debug|x86.Build.0 = Debug|Win32
		{2030ED0D-4667-4299-87CD-ACE298BDF56D}.Release|Any CPU.ActiveCfg = Release|Win32
		{2030ED0D-4667-4299-87CD-ACE298BDF56D}.Release|ARM.ActiveCfg = Release|ARM
		{2030ED0D-4667-4299-87CD-ACE298BDF56D}.Release|ARM.Build.0 = Release|ARM
		{2030ED0D-4667-4299-87CD-ACE298BDF56D}.Release|ARM64.ActiveCfg = Release|ARM64
		{2030ED0D-4667-4299-87CD-ACE298BDF56D}.Release|ARM64.Build.0 = Release|ARM64
		{2030ED0D-4667-4299-87CD-ACE298BDF56D}.Release|x64.ActiveCfg = Release|x64
		{2030ED0D-4667-4299-87CD-ACE298BDF56D}.Release|x64.Build.0 = Release|x64
		{2030ED0D-4667-4299-87CD-ACE298BDF56D}.Release|x86.ActiveCfg = Release|Win32
		{2030ED0D-4667-4299-87CD-ACE298BDF56D}.Release|x86.Build.0 = Release|Win32
		{2A3B9657-1D10-4A71-AA21-62AD4106CED4}.Debug|Any CPU.ActiveCfg = Debug|x64
		{2A3B9657-1D10-4A71-AA21-62AD4106CED4}.Debug|ARM.ActiveCfg = Debug|x64
		{2A3B9657-1D10-4A71-AA21-62AD4106CED4}.Debug|ARM64.ActiveCfg = Debug|x64
		{2A3B9657-1D10-4A71-AA21-62AD4106CED4}.Debug|x64.ActiveCfg = Debug|x64
		{2A3B9657-1D10-4A71-AA21-62AD4106CED4}.Debug|x64.Build.0 = Debug|x64
		{2A3B9657-1D10-4A71-AA21-62AD4106CED4}.Debug|x86.ActiveCfg = Debug|x64
		{2A3B9657-1D10-4A71-AA21-62AD4106CED4}.Release|Any CPU.ActiveCfg = Release|x64
		{2A3B9657-1D10-4A71-AA21-62AD4106CED4}.Release|ARM.ActiveCfg = Release|x64
		{2A3B9657-1D10-4A71-AA21-62AD4106CED4}.Release|ARM64.ActiveCfg = Release|x64
		{2A3B9657-1D10-4A71-AA21-62AD4106CED4}.Release|x64.ActiveCfg = Release|x64
		{2A3B9657-1D10-4A71-AA21-62AD4106CED4}.Release|x64.Build.0 = Release|x64
		{2A3B9657-1D10-4A71-AA21-62AD4106CED4}.Release|x86.ActiveCfg = Release|x64
		{705098F7-93DC-4954-8165-FDDCD66231F0}.Debug|Any CPU.ActiveCfg = Debug|Win32
		{705098F7-93DC-4954-8165-FDDCD66231F0}.Debug|ARM.ActiveCfg = Debug|ARM
		{705098F7-93DC-4954-8165-FDDCD66231F0}.Debug|ARM.Build.0 = Debug|ARM
		{705098F7-93DC-4954-8165-FDDCD66231F0}.Debug|ARM64.ActiveCfg = Debug|ARM64
		{705098F7-93DC-4954-8165-FDDCD66231F0}.Debug|ARM64.Build.0 = Debug|ARM64
		{705098F7-93DC-4954-8165-FDDCD66231F0}.Debug|x64.ActiveCfg = Debug|x64
		{705098F7-93DC-4954-8165-FDDCD66231F0}.Debug|x64.Build.0 = Debug|x64
		{705098F7-93DC-4954-8165-FDDCD66231F0}.Debug|x86.ActiveCfg = Debug|Win32
		{705098F7-93DC-4954-8165-FDDCD66231F0}.Debug|x86.Build.0 = Debug|Win32
		{705098F7-93DC-4954-8165-FDDCD66231F0}.Release|Any CPU.ActiveCfg = Release|Win32
		{705098F7-93DC-4954-8165-FDDCD66231F0}.Release|ARM.ActiveCfg = Release|ARM
		{705098F7-93DC-4954-8165-FDDCD66231F0}.Release|ARM.Build.0 = Release|ARM
		{705098F7-93DC-4954-8165-FDDCD66231F0}.Release|ARM64.ActiveCfg = Release|ARM64
		{705098F7-93DC-4954-8165-FDDCD66231F0}.Release|ARM64.Build.0 = Release|ARM64
		{705098F7-93DC-4954-8165-FDDCD66231F0}.Release|x64.ActiveCfg = Release|x64
		{705098F7-93DC-4954-8165-FDDCD66231F0}.Release|x64.Build.0 = Release|x64
		{705098F7-93DC-4954-8165-FDDCD66231F0}.Release|x86.ActiveCfg = Release|Win32
		{705098F7-93DC-4954-8165-FDDCD66231F0}.Release|x86.Build.0 = Release|Win32
		{BDFCB3AD-21A8-446E-840B-68718C49E7D4}.Debug|Any CPU.ActiveCfg = Debug|x64
		{BDFCB3AD-21A8-446E-840B-68718C49E7D4}.Debug|ARM.ActiveCfg = Debug|x64
		{BDFCB3AD-21A8-446E-840B-68718C49E7D4}.Debug|ARM64.ActiveCfg = Debug|x64
		{BDFCB3AD-21A8-446E-840B-68718C49E7D4}.Debug|x64.ActiveCfg = Debug|x64
		{BDFCB3AD-21A8-446E-840B-68718C49E7D4}.Debug|x64.Build.0 = Debug|x64
		{BDFCB3AD-21A8-446E-840B-68718C49E7D4}.Debug|x86.ActiveCfg = Debug|x64
		{BDFCB3AD-21A8-446E-840B-68718C49E7D4}.Release|Any CPU.ActiveCfg = Release|x64
		{BDFCB3AD-21A8-446E-840B-68718C49E7D4}.Release|ARM.ActiveCfg = Release|x64
		{BDFCB3AD-21A8-446E-840B-68718C49E7D4}.Release|ARM64.ActiveCfg = Release|x64
		{BDFCB3AD-21A8-446E-840B-68718C49E7D4}.Release|x64.ActiveCfg = Release|x64
		{BDFCB3AD-21A8-446E-840B-68718C49E7D4}.Release|x64.Build.0 = Release|x64
		{BDFCB3AD-21A8-446E-840B-68718C49E7D4}.Release|x86.ActiveCfg = Release|x64
		{AA58310A-0C12-4F55-A04F-F9151828F64B}.Debug|Any CPU.ActiveCfg = Debug|x64
		{AA58310A-0C12-4F55-A04F-F9151828F64B}.Debug|ARM.ActiveCfg = Debug|x64
		{AA58310A-0C12-4F55-A04F-F9151828F64B}.Debug|ARM64.ActiveCfg = Debug|x64
		{AA58310A-0C12-4F55-A04F-F9151828F64B}.Debug|x64.ActiveCfg = Debug|x64
		{AA58310A-0C12-4F55-A04F-F9151828F64B}.Debug|x64.Build.0 = Debug|x64
		{AA58310A-0C12-4F55-A04F-F9151828F64B}.Debug|x86.ActiveCfg = Debug|x64
		{AA58310A-0C12-4F55-A04F-F9151828F64B}.Release|Any CPU.ActiveCfg = Release|x64
		{AA58310A-0C12-4F55-A04F-F9151828F64B}.Release|ARM.ActiveCfg = Release|x64
		{AA58310A-0C12-4F55-A04F-F9151828F64B}.Release|ARM64.ActiveCfg = Release|x64
		{AA58310A-0C12-4F55-A04F-F9151828F64B}.Release|x64.ActiveCfg = Release|x64
		{AA58310A-0C12-4F55-A04F-F9151828F64B}.Release|x64.Build.0 = Release|x64
		{AA58310A-0C12-4F55-A04F-F9151828F64B}.Release|x86.ActiveCfg = Release|x64
		{A13012C1-76DE-4D1D-A58B-2361D2BE8F65}.Debug|Any CPU.ActiveCfg = Debug|Win32
		{A13012C1-76DE-4D1D-A58B-2361D2BE8F65}.Debug|ARM.ActiveCfg = Debug|ARM
		{A13012C1-76DE-4D1D-A58B-2361D2BE8F65}.Debug|ARM.Build.0 = Debug|ARM
		{A13012C1-76DE-4D1D-A58B-2361D2BE8F65}.Debug|ARM64.ActiveCfg = Debug|ARM64
		{A13012C1-76DE-4D1D-A58B-2361D2BE8F65}.Debug|ARM64.Build.0 = Debug|ARM64
		{A13012C1-76DE-4D1D-A58B-2361D2BE8F65}.Debug|x64.ActiveCfg = Debug|x64
		{A13012C1-76DE-4D1D-A58B-2361D2BE8F65}.Debug|x64.Build.0 = Debug|x64
		{A13012C1-76DE-4D1D-A58B-2361D2BE8F65}.Debug|x86.ActiveCfg = Debug|Win32
		{A13012C1-76DE-4D1D-A58B-2361D2BE8F65}.Debug|x86.Build.0 = Debug|Win32
		{A13012C1-76DE-4D1D-A58B-2361D2BE8F65}.Release|Any CPU.ActiveCfg = Release|Win32
		{A13012C1-76DE-4D1D-A58B-2361D2BE8F65}.Release|ARM.ActiveCfg = Release|ARM
		{A13012C1-76DE-4D1D-A58B-2361D2BE8F65}.Release|ARM.Build.0 = Release|ARM
		{A13012C1-76DE-4D1D-A58B-2361D2BE8F65}.Release|ARM64.ActiveCfg = Release|ARM64
		{A13012C1-76DE-4D1D-A58B-2361D2BE8F65}.Release|ARM64.Build.0 = Release|ARM64
		{A13012C1-76DE-4D1D-A58B-2361D2BE8F65}.Release|x64.ActiveCfg = Release|x64
		{A13012C1-76DE-4D1D-A58B-2361D2BE8F65}.Release|x64.Build.0 = Release|x64
		{A13012C1-76DE-4D1D-A58B-2361D2BE8F65}.Release|x86.ActiveCfg = Release|Win32
		{A13012C1-76DE-4D1D-A58B-2361D2BE8F65}.Release|x86.Build.0 = Release|Win32
		{BDCCCCCD-21A8-446E-840B-68718C49E7D4}.Debug|Any CPU.ActiveCfg = Debug|Any CPU
		{BDCCCCCD-21A8-446E-840B-68718C49E7D4}.Debug|Any CPU.Build.0 = Debug|Any CPU
		{BDCCCCCD-21A8-446E-840B-68718C49E7D4}.Debug|ARM.ActiveCfg = Debug|Any CPU
		{BDCCCCCD-21A8-446E-840B-68718C49E7D4}.Debug|ARM.Build.0 = Debug|Any CPU
		{BDCCCCCD-21A8-446E-840B-68718C49E7D4}.Debug|ARM64.ActiveCfg = Debug|Any CPU
		{BDCCCCCD-21A8-446E-840B-68718C49E7D4}.Debug|ARM64.Build.0 = Debug|Any CPU
		{BDCCCCCD-21A8-446E-840B-68718C49E7D4}.Debug|x64.ActiveCfg = Debug|Any CPU
		{BDCCCCCD-21A8-446E-840B-68718C49E7D4}.Debug|x64.Build.0 = Debug|Any CPU
		{BDCCCCCD-21A8-446E-840B-68718C49E7D4}.Debug|x86.ActiveCfg = Debug|Any CPU
		{BDCCCCCD-21A8-446E-840B-68718C49E7D4}.Debug|x86.Build.0 = Debug|Any CPU
		{BDCCCCCD-21A8-446E-840B-68718C49E7D4}.Release|Any CPU.ActiveCfg = Release|Any CPU
		{BDCCCCCD-21A8-446E-840B-68718C49E7D4}.Release|Any CPU.Build.0 = Release|Any CPU
		{BDCCCCCD-21A8-446E-840B-68718C49E7D4}.Release|ARM.ActiveCfg = Release|Any CPU
		{BDCCCCCD-21A8-446E-840B-68718C49E7D4}.Release|ARM.Build.0 = Release|Any CPU
		{BDCCCCCD-21A8-446E-840B-68718C49E7D4}.Release|ARM64.ActiveCfg = Release|Any CPU
		{BDCCCCCD-21A8-446E-840B-68718C49E7D4}.Release|ARM64.Build.0 = Release|Any CPU
		{BDCCCCCD-21A8-446E-840B-68718C49E7D4}.Release|x64.ActiveCfg = Release|x64
		{BDCCCCCD-21A8-446E-840B-68718C49E7D4}.Release|x64.Build.0 = Release|x64
		{BDCCCCCD-21A8-446E-840B-68718C49E7D4}.Release|x86.ActiveCfg = Release|Any CPU
		{BDCCCCCD-21A8-446E-840B-68718C49E7D4}.Release|x86.Build.0 = Release|Any CPU
		{1234ED0D-4667-4299-87CD-ACE298BDF56D}.Debug|Any CPU.ActiveCfg = Debug|Win32
		{1234ED0D-4667-4299-87CD-ACE298BDF56D}.Debug|ARM.ActiveCfg = Debug|ARM
		{1234ED0D-4667-4299-87CD-ACE298BDF56D}.Debug|ARM.Build.0 = Debug|ARM
		{1234ED0D-4667-4299-87CD-ACE298BDF56D}.Debug|ARM64.ActiveCfg = Debug|ARM64
		{1234ED0D-4667-4299-87CD-ACE298BDF56D}.Debug|ARM64.Build.0 = Debug|ARM64
		{1234ED0D-4667-4299-87CD-ACE298BDF56D}.Debug|x64.ActiveCfg = Debug|x64
		{1234ED0D-4667-4299-87CD-ACE298BDF56D}.Debug|x64.Build.0 = Debug|x64
		{1234ED0D-4667-4299-87CD-ACE298BDF56D}.Debug|x86.ActiveCfg = Debug|Win32
		{1234ED0D-4667-4299-87CD-ACE298BDF56D}.Debug|x86.Build.0 = Debug|Win32
		{1234ED0D-4667-4299-87CD-ACE298BDF56D}.Release|Any CPU.ActiveCfg = Release|Win32
		{1234ED0D-4667-4299-87CD-ACE298BDF56D}.Release|ARM.ActiveCfg = Release|ARM
		{1234ED0D-4667-4299-87CD-ACE298BDF56D}.Release|ARM.Build.0 = Release|ARM
		{1234ED0D-4667-4299-87CD-ACE298BDF56D}.Release|ARM64.ActiveCfg = Release|ARM64
		{1234ED0D-4667-4299-87CD-ACE298BDF56D}.Release|ARM64.Build.0 = Release|ARM64
		{1234ED0D-4667-4299-87CD-ACE298BDF56D}.Release|x64.ActiveCfg = Release|x64
		{1234ED0D-4667-4299-87CD-ACE298BDF56D}.Release|x64.Build.0 = Release|x64
		{1234ED0D-4667-4299-87CD-ACE298BDF56D}.Release|x86.ActiveCfg = Release|Win32
		{1234ED0D-4667-4299-87CD-ACE298BDF56D}.Release|x86.Build.0 = Release|Win32
		{123498F7-93DC-4954-8165-FDDCD66231F0}.Debug|Any CPU.ActiveCfg = Debug|Win32
		{123498F7-93DC-4954-8165-FDDCD66231F0}.Debug|ARM.ActiveCfg = Debug|ARM
		{123498F7-93DC-4954-8165-FDDCD66231F0}.Debug|ARM.Build.0 = Debug|ARM
		{123498F7-93DC-4954-8165-FDDCD66231F0}.Debug|ARM64.ActiveCfg = Debug|ARM64
		{123498F7-93DC-4954-8165-FDDCD66231F0}.Debug|ARM64.Build.0 = Debug|ARM64
		{123498F7-93DC-4954-8165-FDDCD66231F0}.Debug|x64.ActiveCfg = Debug|x64
		{123498F7-93DC-4954-8165-FDDCD66231F0}.Debug|x64.Build.0 = Debug|x64
		{123498F7-93DC-4954-8165-FDDCD66231F0}.Debug|x86.ActiveCfg = Debug|Win32
		{123498F7-93DC-4954-8165-FDDCD66231F0}.Debug|x86.Build.0 = Debug|Win32
		{123498F7-93DC-4954-8165-FDDCD66231F0}.Release|Any CPU.ActiveCfg = Release|Win32
		{123498F7-93DC-4954-8165-FDDCD66231F0}.Release|ARM.ActiveCfg = Release|ARM
		{123498F7-93DC-4954-8165-FDDCD66231F0}.Release|ARM.Build.0 = Release|ARM
		{123498F7-93DC-4954-8165-FDDCD66231F0}.Release|ARM64.ActiveCfg = Release|ARM64
		{123498F7-93DC-4954-8165-FDDCD66231F0}.Release|ARM64.Build.0 = Release|ARM64
		{123498F7-93DC-4954-8165-FDDCD66231F0}.Release|x64.ActiveCfg = Release|x64
		{123498F7-93DC-4954-8165-FDDCD66231F0}.Release|x64.Build.0 = Release|x64
		{123498F7-93DC-4954-8165-FDDCD66231F0}.Release|x86.ActiveCfg = Release|Win32
		{123498F7-93DC-4954-8165-FDDCD66231F0}.Release|x86.Build.0 = Release|Win32
		{2A0B90AC-9117-48DA-B04C-FF194498D95D}.Debug|Any CPU.ActiveCfg = Debug|Any CPU
		{2A0B90AC-9117-48DA-B04C-FF194498D95D}.Debug|Any CPU.Build.0 = Debug|Any CPU
		{2A0B90AC-9117-48DA-B04C-FF194498D95D}.Debug|ARM.ActiveCfg = Debug|Any CPU
		{2A0B90AC-9117-48DA-B04C-FF194498D95D}.Debug|ARM.Build.0 = Debug|Any CPU
		{2A0B90AC-9117-48DA-B04C-FF194498D95D}.Debug|ARM64.ActiveCfg = Debug|Any CPU
		{2A0B90AC-9117-48DA-B04C-FF194498D95D}.Debug|ARM64.Build.0 = Debug|Any CPU
		{2A0B90AC-9117-48DA-B04C-FF194498D95D}.Debug|x64.ActiveCfg = Debug|Any CPU
		{2A0B90AC-9117-48DA-B04C-FF194498D95D}.Debug|x64.Build.0 = Debug|Any CPU
		{2A0B90AC-9117-48DA-B04C-FF194498D95D}.Debug|x86.ActiveCfg = Debug|Any CPU
		{2A0B90AC-9117-48DA-B04C-FF194498D95D}.Debug|x86.Build.0 = Debug|Any CPU
		{2A0B90AC-9117-48DA-B04C-FF194498D95D}.Release|Any CPU.ActiveCfg = Release|Any CPU
		{2A0B90AC-9117-48DA-B04C-FF194498D95D}.Release|Any CPU.Build.0 = Release|Any CPU
		{2A0B90AC-9117-48DA-B04C-FF194498D95D}.Release|ARM.ActiveCfg = Release|Any CPU
		{2A0B90AC-9117-48DA-B04C-FF194498D95D}.Release|ARM.Build.0 = Release|Any CPU
		{2A0B90AC-9117-48DA-B04C-FF194498D95D}.Release|ARM64.ActiveCfg = Release|Any CPU
		{2A0B90AC-9117-48DA-B04C-FF194498D95D}.Release|ARM64.Build.0 = Release|Any CPU
		{2A0B90AC-9117-48DA-B04C-FF194498D95D}.Release|x64.ActiveCfg = Release|x64
		{2A0B90AC-9117-48DA-B04C-FF194498D95D}.Release|x64.Build.0 = Release|x64
		{2A0B90AC-9117-48DA-B04C-FF194498D95D}.Release|x86.ActiveCfg = Release|Any CPU
		{2A0B90AC-9117-48DA-B04C-FF194498D95D}.Release|x86.Build.0 = Release|Any CPU
		{307D0316-2D0A-4C2F-A992-C9DEB5C6FB7C}.Debug|Any CPU.ActiveCfg = Debug|Any CPU
		{307D0316-2D0A-4C2F-A992-C9DEB5C6FB7C}.Debug|Any CPU.Build.0 = Debug|Any CPU
		{307D0316-2D0A-4C2F-A992-C9DEB5C6FB7C}.Debug|ARM.ActiveCfg = Debug|Any CPU
		{307D0316-2D0A-4C2F-A992-C9DEB5C6FB7C}.Debug|ARM.Build.0 = Debug|Any CPU
		{307D0316-2D0A-4C2F-A992-C9DEB5C6FB7C}.Debug|ARM64.ActiveCfg = Debug|Any CPU
		{307D0316-2D0A-4C2F-A992-C9DEB5C6FB7C}.Debug|ARM64.Build.0 = Debug|Any CPU
		{307D0316-2D0A-4C2F-A992-C9DEB5C6FB7C}.Debug|x64.ActiveCfg = Debug|Any CPU
		{307D0316-2D0A-4C2F-A992-C9DEB5C6FB7C}.Debug|x64.Build.0 = Debug|Any CPU
		{307D0316-2D0A-4C2F-A992-C9DEB5C6FB7C}.Debug|x86.ActiveCfg = Debug|Any CPU
		{307D0316-2D0A-4C2F-A992-C9DEB5C6FB7C}.Debug|x86.Build.0 = Debug|Any CPU
		{307D0316-2D0A-4C2F-A992-C9DEB5C6FB7C}.Release|Any CPU.ActiveCfg = Release|Any CPU
		{307D0316-2D0A-4C2F-A992-C9DEB5C6FB7C}.Release|Any CPU.Build.0 = Release|Any CPU
		{307D0316-2D0A-4C2F-A992-C9DEB5C6FB7C}.Release|ARM.ActiveCfg = Release|Any CPU
		{307D0316-2D0A-4C2F-A992-C9DEB5C6FB7C}.Release|ARM.Build.0 = Release|Any CPU
		{307D0316-2D0A-4C2F-A992-C9DEB5C6FB7C}.Release|ARM64.ActiveCfg = Release|Any CPU
		{307D0316-2D0A-4C2F-A992-C9DEB5C6FB7C}.Release|ARM64.Build.0 = Release|Any CPU
		{307D0316-2D0A-4C2F-A992-C9DEB5C6FB7C}.Release|x64.ActiveCfg = Release|Any CPU
		{307D0316-2D0A-4C2F-A992-C9DEB5C6FB7C}.Release|x64.Build.0 = Release|Any CPU
		{307D0316-2D0A-4C2F-A992-C9DEB5C6FB7C}.Release|x86.ActiveCfg = Release|Any CPU
		{307D0316-2D0A-4C2F-A992-C9DEB5C6FB7C}.Release|x86.Build.0 = Release|Any CPU
		{F819F30B-035B-47BE-8149-87CA97025824}.Debug|Any CPU.ActiveCfg = Debug|Win32
		{F819F30B-035B-47BE-8149-87CA97025824}.Debug|ARM.ActiveCfg = Debug|ARM
		{F819F30B-035B-47BE-8149-87CA97025824}.Debug|ARM.Build.0 = Debug|ARM
		{F819F30B-035B-47BE-8149-87CA97025824}.Debug|ARM64.ActiveCfg = Debug|ARM64
		{F819F30B-035B-47BE-8149-87CA97025824}.Debug|ARM64.Build.0 = Debug|ARM64
		{F819F30B-035B-47BE-8149-87CA97025824}.Debug|x64.ActiveCfg = Debug|x64
		{F819F30B-035B-47BE-8149-87CA97025824}.Debug|x64.Build.0 = Debug|x64
		{F819F30B-035B-47BE-8149-87CA97025824}.Debug|x86.ActiveCfg = Debug|Win32
		{F819F30B-035B-47BE-8149-87CA97025824}.Debug|x86.Build.0 = Debug|Win32
		{F819F30B-035B-47BE-8149-87CA97025824}.Release|Any CPU.ActiveCfg = Release|Win32
		{F819F30B-035B-47BE-8149-87CA97025824}.Release|ARM.ActiveCfg = Release|ARM
		{F819F30B-035B-47BE-8149-87CA97025824}.Release|ARM.Build.0 = Release|ARM
		{F819F30B-035B-47BE-8149-87CA97025824}.Release|ARM64.ActiveCfg = Release|ARM64
		{F819F30B-035B-47BE-8149-87CA97025824}.Release|ARM64.Build.0 = Release|ARM64
		{F819F30B-035B-47BE-8149-87CA97025824}.Release|x64.ActiveCfg = Release|x64
		{F819F30B-035B-47BE-8149-87CA97025824}.Release|x64.Build.0 = Release|x64
		{F819F30B-035B-47BE-8149-87CA97025824}.Release|x86.ActiveCfg = Release|Win32
		{F819F30B-035B-47BE-8149-87CA97025824}.Release|x86.Build.0 = Release|Win32
		{34E84DE2-3809-41A7-8FA5-4A766145E1F7}.Debug|Any CPU.ActiveCfg = Debug|Win32
		{34E84DE2-3809-41A7-8FA5-4A766145E1F7}.Debug|ARM.ActiveCfg = Debug|ARM
		{34E84DE2-3809-41A7-8FA5-4A766145E1F7}.Debug|ARM.Build.0 = Debug|ARM
		{34E84DE2-3809-41A7-8FA5-4A766145E1F7}.Debug|ARM64.ActiveCfg = Debug|ARM64
		{34E84DE2-3809-41A7-8FA5-4A766145E1F7}.Debug|ARM64.Build.0 = Debug|ARM64
		{34E84DE2-3809-41A7-8FA5-4A766145E1F7}.Debug|x64.ActiveCfg = Debug|x64
		{34E84DE2-3809-41A7-8FA5-4A766145E1F7}.Debug|x64.Build.0 = Debug|x64
		{34E84DE2-3809-41A7-8FA5-4A766145E1F7}.Debug|x86.ActiveCfg = Debug|Win32
		{34E84DE2-3809-41A7-8FA5-4A766145E1F7}.Debug|x86.Build.0 = Debug|Win32
		{34E84DE2-3809-41A7-8FA5-4A766145E1F7}.Release|Any CPU.ActiveCfg = Release|Win32
		{34E84DE2-3809-41A7-8FA5-4A766145E1F7}.Release|ARM.ActiveCfg = Release|ARM
		{34E84DE2-3809-41A7-8FA5-4A766145E1F7}.Release|ARM.Build.0 = Release|ARM
		{34E84DE2-3809-41A7-8FA5-4A766145E1F7}.Release|ARM64.ActiveCfg = Release|ARM64
		{34E84DE2-3809-41A7-8FA5-4A766145E1F7}.Release|ARM64.Build.0 = Release|ARM64
		{34E84DE2-3809-41A7-8FA5-4A766145E1F7}.Release|x64.ActiveCfg = Release|x64
		{34E84DE2-3809-41A7-8FA5-4A766145E1F7}.Release|x64.Build.0 = Release|x64
		{34E84DE2-3809-41A7-8FA5-4A766145E1F7}.Release|x86.ActiveCfg = Release|Win32
		{34E84DE2-3809-41A7-8FA5-4A766145E1F7}.Release|x86.Build.0 = Release|Win32
		{062B8864-8E86-4400-857D-6E646BE7E1B1}.Debug|Any CPU.ActiveCfg = Debug|Win32
		{062B8864-8E86-4400-857D-6E646BE7E1B1}.Debug|ARM.ActiveCfg = Debug|ARM
		{062B8864-8E86-4400-857D-6E646BE7E1B1}.Debug|ARM.Build.0 = Debug|ARM
		{062B8864-8E86-4400-857D-6E646BE7E1B1}.Debug|ARM64.ActiveCfg = Debug|ARM64
		{062B8864-8E86-4400-857D-6E646BE7E1B1}.Debug|ARM64.Build.0 = Debug|ARM64
		{062B8864-8E86-4400-857D-6E646BE7E1B1}.Debug|x64.ActiveCfg = Debug|x64
		{062B8864-8E86-4400-857D-6E646BE7E1B1}.Debug|x64.Build.0 = Debug|x64
		{062B8864-8E86-4400-857D-6E646BE7E1B1}.Debug|x86.ActiveCfg = Debug|Win32
		{062B8864-8E86-4400-857D-6E646BE7E1B1}.Debug|x86.Build.0 = Debug|Win32
		{062B8864-8E86-4400-857D-6E646BE7E1B1}.Release|Any CPU.ActiveCfg = Release|Win32
		{062B8864-8E86-4400-857D-6E646BE7E1B1}.Release|ARM.ActiveCfg = Release|ARM
		{062B8864-8E86-4400-857D-6E646BE7E1B1}.Release|ARM.Build.0 = Release|ARM
		{062B8864-8E86-4400-857D-6E646BE7E1B1}.Release|ARM64.ActiveCfg = Release|ARM64
		{062B8864-8E86-4400-857D-6E646BE7E1B1}.Release|ARM64.Build.0 = Release|ARM64
		{062B8864-8E86-4400-857D-6E646BE7E1B1}.Release|x64.ActiveCfg = Release|x64
		{062B8864-8E86-4400-857D-6E646BE7E1B1}.Release|x64.Build.0 = Release|x64
		{062B8864-8E86-4400-857D-6E646BE7E1B1}.Release|x86.ActiveCfg = Release|Win32
		{062B8864-8E86-4400-857D-6E646BE7E1B1}.Release|x86.Build.0 = Release|Win32
		{7807CA75-929F-4F7D-B13E-6E8EA4CA9C89}.Debug|Any CPU.ActiveCfg = Debug|Win32
		{7807CA75-929F-4F7D-B13E-6E8EA4CA9C89}.Debug|ARM.ActiveCfg = Debug|ARM
		{7807CA75-929F-4F7D-B13E-6E8EA4CA9C89}.Debug|ARM.Build.0 = Debug|ARM
		{7807CA75-929F-4F7D-B13E-6E8EA4CA9C89}.Debug|ARM64.ActiveCfg = Debug|ARM64
		{7807CA75-929F-4F7D-B13E-6E8EA4CA9C89}.Debug|ARM64.Build.0 = Debug|ARM64
		{7807CA75-929F-4F7D-B13E-6E8EA4CA9C89}.Debug|x64.ActiveCfg = Debug|x64
		{7807CA75-929F-4F7D-B13E-6E8EA4CA9C89}.Debug|x64.Build.0 = Debug|x64
		{7807CA75-929F-4F7D-B13E-6E8EA4CA9C89}.Debug|x86.ActiveCfg = Debug|Win32
		{7807CA75-929F-4F7D-B13E-6E8EA4CA9C89}.Debug|x86.Build.0 = Debug|Win32
		{7807CA75-929F-4F7D-B13E-6E8EA4CA9C89}.Release|Any CPU.ActiveCfg = Release|Win32
		{7807CA75-929F-4F7D-B13E-6E8EA4CA9C89}.Release|ARM.ActiveCfg = Release|ARM
		{7807CA75-929F-4F7D-B13E-6E8EA4CA9C89}.Release|ARM.Build.0 = Release|ARM
		{7807CA75-929F-4F7D-B13E-6E8EA4CA9C89}.Release|ARM64.ActiveCfg = Release|ARM64
		{7807CA75-929F-4F7D-B13E-6E8EA4CA9C89}.Release|ARM64.Build.0 = Release|ARM64
		{7807CA75-929F-4F7D-B13E-6E8EA4CA9C89}.Release|x64.ActiveCfg = Release|x64
		{7807CA75-929F-4F7D-B13E-6E8EA4CA9C89}.Release|x64.Build.0 = Release|x64
		{7807CA75-929F-4F7D-B13E-6E8EA4CA9C89}.Release|x86.ActiveCfg = Release|Win32
		{7807CA75-929F-4F7D-B13E-6E8EA4CA9C89}.Release|x86.Build.0 = Release|Win32
		{56D589B0-7001-4CF4-AF74-30A2293D2366}.Debug|Any CPU.ActiveCfg = Debug|Win32
		{56D589B0-7001-4CF4-AF74-30A2293D2366}.Debug|ARM.ActiveCfg = Debug|ARM
		{56D589B0-7001-4CF4-AF74-30A2293D2366}.Debug|ARM.Build.0 = Debug|ARM
		{56D589B0-7001-4CF4-AF74-30A2293D2366}.Debug|ARM64.ActiveCfg = Debug|ARM64
		{56D589B0-7001-4CF4-AF74-30A2293D2366}.Debug|ARM64.Build.0 = Debug|ARM64
		{56D589B0-7001-4CF4-AF74-30A2293D2366}.Debug|x64.ActiveCfg = Debug|x64
		{56D589B0-7001-4CF4-AF74-30A2293D2366}.Debug|x64.Build.0 = Debug|x64
		{56D589B0-7001-4CF4-AF74-30A2293D2366}.Debug|x86.ActiveCfg = Debug|Win32
		{56D589B0-7001-4CF4-AF74-30A2293D2366}.Debug|x86.Build.0 = Debug|Win32
		{56D589B0-7001-4CF4-AF74-30A2293D2366}.Release|Any CPU.ActiveCfg = Release|Win32
		{56D589B0-7001-4CF4-AF74-30A2293D2366}.Release|ARM.ActiveCfg = Release|ARM
		{56D589B0-7001-4CF4-AF74-30A2293D2366}.Release|ARM.Build.0 = Release|ARM
		{56D589B0-7001-4CF4-AF74-30A2293D2366}.Release|ARM64.ActiveCfg = Release|ARM64
		{56D589B0-7001-4CF4-AF74-30A2293D2366}.Release|ARM64.Build.0 = Release|ARM64
		{56D589B0-7001-4CF4-AF74-30A2293D2366}.Release|x64.ActiveCfg = Release|x64
		{56D589B0-7001-4CF4-AF74-30A2293D2366}.Release|x64.Build.0 = Release|x64
		{56D589B0-7001-4CF4-AF74-30A2293D2366}.Release|x86.ActiveCfg = Release|Win32
		{56D589B0-7001-4CF4-AF74-30A2293D2366}.Release|x86.Build.0 = Release|Win32
		{5D2C4753-FE57-444F-8B4C-1D31B2425994}.Debug|Any CPU.ActiveCfg = Debug|Any CPU
		{5D2C4753-FE57-444F-8B4C-1D31B2425994}.Debug|Any CPU.Build.0 = Debug|Any CPU
		{5D2C4753-FE57-444F-8B4C-1D31B2425994}.Debug|ARM.ActiveCfg = Debug|Any CPU
		{5D2C4753-FE57-444F-8B4C-1D31B2425994}.Debug|ARM.Build.0 = Debug|Any CPU
		{5D2C4753-FE57-444F-8B4C-1D31B2425994}.Debug|ARM64.ActiveCfg = Debug|Any CPU
		{5D2C4753-FE57-444F-8B4C-1D31B2425994}.Debug|ARM64.Build.0 = Debug|Any CPU
		{5D2C4753-FE57-444F-8B4C-1D31B2425994}.Debug|x64.ActiveCfg = Debug|Any CPU
		{5D2C4753-FE57-444F-8B4C-1D31B2425994}.Debug|x64.Build.0 = Debug|Any CPU
		{5D2C4753-FE57-444F-8B4C-1D31B2425994}.Debug|x86.ActiveCfg = Debug|Any CPU
		{5D2C4753-FE57-444F-8B4C-1D31B2425994}.Debug|x86.Build.0 = Debug|Any CPU
		{5D2C4753-FE57-444F-8B4C-1D31B2425994}.Release|Any CPU.ActiveCfg = Release|Any CPU
		{5D2C4753-FE57-444F-8B4C-1D31B2425994}.Release|Any CPU.Build.0 = Release|Any CPU
		{5D2C4753-FE57-444F-8B4C-1D31B2425994}.Release|ARM.ActiveCfg = Release|Any CPU
		{5D2C4753-FE57-444F-8B4C-1D31B2425994}.Release|ARM.Build.0 = Release|Any CPU
		{5D2C4753-FE57-444F-8B4C-1D31B2425994}.Release|ARM64.ActiveCfg = Release|Any CPU
		{5D2C4753-FE57-444F-8B4C-1D31B2425994}.Release|ARM64.Build.0 = Release|Any CPU
		{5D2C4753-FE57-444F-8B4C-1D31B2425994}.Release|x64.ActiveCfg = Release|Any CPU
		{5D2C4753-FE57-444F-8B4C-1D31B2425994}.Release|x64.Build.0 = Release|Any CPU
		{5D2C4753-FE57-444F-8B4C-1D31B2425994}.Release|x86.ActiveCfg = Release|Any CPU
		{5D2C4753-FE57-444F-8B4C-1D31B2425994}.Release|x86.Build.0 = Release|Any CPU
	EndGlobalSection
	GlobalSection(SolutionProperties) = preSolution
		HideSolutionNode = FALSE
	EndGlobalSection
	GlobalSection(NestedProjects) = preSolution
		{34E84DE2-3809-41A7-8FA5-4A766145E1F7} = {B77BD0CC-029B-428A-9377-5A4E282C15F0}
		{062B8864-8E86-4400-857D-6E646BE7E1B1} = {B77BD0CC-029B-428A-9377-5A4E282C15F0}
	EndGlobalSection
	GlobalSection(ExtensibilityGlobals) = postSolution
		SolutionGuid = {DF91630B-BDEF-46FB-8CD2-B88C7733068C}
	EndGlobalSection
EndGlobal
